{
  "nodes": {
    "nixpkgs": {
      "locked": {
        "lastModified": 1746399091,
        "narHash": "sha256-q4yTsA+Wkukj/vEQlR7b7+33hWg5jzlvqAWUbZ+QZ5I=",
        "owner": "NixOS",
        "repo": "nixpkgs",
        "rev": "89140b70abfdc4c22481776e1c9df92fb631b173",
        "type": "github"
      },
      "original": {
        "id": "nixpkgs",
        "ref": "release-24.11",
        "type": "indirect"
      }
    },
    "root": {
      "inputs": {
        "nixpkgs": "nixpkgs"
      }
    }
  },
  "root": "root",
  "version": 7
}
